
Microsoft Visual Studio Solution File, Format Version 12.00
# Visual Studio 2013
VisualStudioVersion = 12.0.21005.1
MinimumVisualStudioVersion = 10.0.40219.1
Project("{FAE04EC0-301F-11D3-BF4B-00C04F79EFBC}") = "quyou", "quyou\quyou.csproj", "{5D42FA08-1E6B-4E2E-96DE-05C60F90F270}"
EndProject
Project("{FAE04EC0-301F-11D3-BF4B-00C04F79EFBC}") = "Model", "Model\Model.csproj", "{5AAD398E-8D60-42B7-A955-86830523BCA2}"
EndProject
Project("{FAE04EC0-301F-11D3-BF4B-00C04F79EFBC}") = "BLL", "BLL\BLL.csproj", "{5200332D-AAA2-4ABC-A202-655E1531D9F4}"
EndProject
Project("{FAE04EC0-301F-11D3-BF4B-00C04F79EFBC}") = "DAL", "DAL\DAL.csproj", "{6D52D51E-4F21-4B2F-B4F2-40BE9A79975E}"
EndProject
Project("{FAE04EC0-301F-11D3-BF4B-00C04F79EFBC}") = "ToolKits", "ToolKits\ToolKits.csproj", "{46EEC604-B4E4-4EC4-AAB3-D4CDB823946C}"
EndProject
Global
	GlobalSection(SolutionConfigurationPlatforms) = preSolution
		Debug|Any CPU = Debug|Any CPU
		Release|Any CPU = Release|Any CPU
	EndGlobalSection
	GlobalSection(ProjectConfigurationPlatforms) = postSolution
		{5D42FA08-1E6B-4E2E-96DE-05C60F90F270}.Debug|Any CPU.ActiveCfg = Debug|Any CPU
		{5D42FA08-1E6B-4E2E-96DE-05C60F90F270}.Debug|Any CPU.Build.0 = Debug|Any CPU
		{5D42FA08-1E6B-4E2E-96DE-05C60F90F270}.Release|Any CPU.ActiveCfg = Release|Any CPU
		{5D42FA08-1E6B-4E2E-96DE-05C60F90F270}.Release|Any CPU.Build.0 = Release|Any CPU
		{5AAD398E-8D60-42B7-A955-86830523BCA2}.Debug|Any CPU.ActiveCfg = Debug|Any CPU
		{5AAD398E-8D60-42B7-A955-86830523BCA2}.Debug|Any CPU.Build.0 = Debug|Any CPU
		{5AAD398E-8D60-42B7-A955-86830523BCA2}.Release|Any CPU.ActiveCfg = Release|Any CPU
		{5AAD398E-8D60-42B7-A955-86830523BCA2}.Release|Any CPU.Build.0 = Release|Any CPU
		{5200332D-AAA2-4ABC-A202-655E1531D9F4}.Debug|Any CPU.ActiveCfg = Debug|Any CPU
		{5200332D-AAA2-4ABC-A202-655E1531D9F4}.Debug|Any CPU.Build.0 = Debug|Any CPU
		{5200332D-AAA2-4ABC-A202-655E1531D9F4}.Release|Any CPU.ActiveCfg = Release|Any CPU
		{5200332D-AAA2-4ABC-A202-655E1531D9F4}.Release|Any CPU.Build.0 = Release|Any CPU
		{6D52D51E-4F21-4B2F-B4F2-40BE9A79975E}.Debug|Any CPU.ActiveCfg = Debug|Any CPU
		{6D52D51E-4F21-4B2F-B4F2-40BE9A79975E}.Debug|Any CPU.Build.0 = Debug|Any CPU
		{6D52D51E-4F21-4B2F-B4F2-40BE9A79975E}.Release|Any CPU.ActiveCfg = Release|Any CPU
		{6D52D51E-4F21-4B2F-B4F2-40BE9A79975E}.Release|Any CPU.Build.0 = Release|Any CPU
		{46EEC604-B4E4-4EC4-AAB3-D4CDB823946C}.Debug|Any CPU.ActiveCfg = Debug|Any CPU
		{46EEC604-B4E4-4EC4-AAB3-D4CDB823946C}.Debug|Any CPU.Build.0 = Debug|Any CPU
		{46EEC604-B4E4-4EC4-AAB3-D4CDB823946C}.Release|Any CPU.ActiveCfg = Release|Any CPU
		{46EEC604-B4E4-4EC4-AAB3-D4CDB823946C}.Release|Any CPU.Build.0 = Release|Any CPU
	EndGlobalSection
	GlobalSection(SolutionProperties) = preSolution
		HideSolutionNode = FALSE
	EndGlobalSection
EndGlobal
